// !$*UTF8*$!
{
	archiveVersion = 1;
	classes = {
	};
	objectVersion = 46;
	objects = {

/* Begin PBXBuildFile section */
		A56F7D6D42DD8CA5F5B3EA3A /* libPods-GTScrollNavigationBarExample.a in Frameworks */ = {isa = PBXBuildFile; fileRef = 2CD79FE5356F24E027023E8A /* libPods-GTScrollNavigationBarExample.a */; };
		B103F3821864A4D000B03CED /* Foundation.framework in Frameworks */ = {isa = PBXBuildFile; fileRef = B103F3811864A4D000B03CED /* Foundation.framework */; };
		B103F3841864A4D000B03CED /* CoreGraphics.framework in Frameworks */ = {isa = PBXBuildFile; fileRef = B103F3831864A4D000B03CED /* CoreGraphics.framework */; };
		B103F3861864A4D000B03CED /* UIKit.framework in Frameworks */ = {isa = PBXBuildFile; fileRef = B103F3851864A4D000B03CED /* UIKit.framework */; };
		B103F38C1864A4D000B03CED /* InfoPlist.strings in Resources */ = {isa = PBXBuildFile; fileRef = B103F38A1864A4D000B03CED /* InfoPlist.strings */; };
		B103F38E1864A4D000B03CED /* main.m in Sources */ = {isa = PBXBuildFile; fileRef = B103F38D1864A4D000B03CED /* main.m */; };
		B103F3921864A4D000B03CED /* AppDelegate.m in Sources */ = {isa = PBXBuildFile; fileRef = B103F3911864A4D000B03CED /* AppDelegate.m */; };
		B103F3941864A4D000B03CED /* Images.xcassets in Resources */ = {isa = PBXBuildFile; fileRef = B103F3931864A4D000B03CED /* Images.xcassets */; };
		B103F3BC1865208500B03CED /* DemoTableViewController.m in Sources */ = {isa = PBXBuildFile; fileRef = B103F3BB1865208500B03CED /* DemoTableViewController.m */; };
		B13D79D01B65323700A7273B /* GTScrollNavigationBarSpec.m in Sources */ = {isa = PBXBuildFile; fileRef = B13D79CF1B65323700A7273B /* GTScrollNavigationBarSpec.m */; };
		B1714BAB186860F7006577EF /* DemoWebViewController.m in Sources */ = {isa = PBXBuildFile; fileRef = B1714BAA186860F7006577EF /* DemoWebViewController.m */; };
		BD665F78D6C5126B7AE2BCC7 /* libPods-GTScrollNavigationBarTests.a in Frameworks */ = {isa = PBXBuildFile; fileRef = 248CE2268EFED83AE051851F /* libPods-GTScrollNavigationBarTests.a */; };
/* End PBXBuildFile section */

/* Begin PBXContainerItemProxy section */
		B13D79CA1B6524D800A7273B /* PBXContainerItemProxy */ = {
			isa = PBXContainerItemProxy;
			containerPortal = B103F3761864A4D000B03CED /* Project object */;
			proxyType = 1;
			remoteGlobalIDString = B103F37D1864A4D000B03CED;
			remoteInfo = GTScrollNavigationBarExample;
		};
/* End PBXContainerItemProxy section */

/* Begin PBXFileReference section */
		20510C7EC3E5C67EAC492339 /* Pods-GTScrollNavigationBarTests.debug.xcconfig */ = {isa = PBXFileReference; includeInIndex = 1; lastKnownFileType = text.xcconfig; name = "Pods-GTScrollNavigationBarTests.debug.xcconfig"; path = "Pods/Target Support Files/Pods-GTScrollNavigationBarTests/Pods-GTScrollNavigationBarTests.debug.xcconfig"; sourceTree = "<group>"; };
		248CE2268EFED83AE051851F /* libPods-GTScrollNavigationBarTests.a */ = {isa = PBXFileReference; explicitFileType = archive.ar; includeInIndex = 0; path = "libPods-GTScrollNavigationBarTests.a"; sourceTree = BUILT_PRODUCTS_DIR; };
		2CD79FE5356F24E027023E8A /* libPods-GTScrollNavigationBarExample.a */ = {isa = PBXFileReference; explicitFileType = archive.ar; includeInIndex = 0; path = "libPods-GTScrollNavigationBarExample.a"; sourceTree = BUILT_PRODUCTS_DIR; };
		A81ABE8B7F838E34722B4089 /* Pods-GTScrollNavigationBarExample.debug.xcconfig */ = {isa = PBXFileReference; includeInIndex = 1; lastKnownFileType = text.xcconfig; name = "Pods-GTScrollNavigationBarExample.debug.xcconfig"; path = "Pods/Target Support Files/Pods-GTScrollNavigationBarExample/Pods-GTScrollNavigationBarExample.debug.xcconfig"; sourceTree = "<group>"; };
		B103F37E1864A4D000B03CED /* GTScrollNavigationBarExample.app */ = {isa = PBXFileReference; explicitFileType = wrapper.application; includeInIndex = 0; path = GTScrollNavigationBarExample.app; sourceTree = BUILT_PRODUCTS_DIR; };
		B103F3811864A4D000B03CED /* Foundation.framework */ = {isa = PBXFileReference; lastKnownFileType = wrapper.framework; name = Foundation.framework; path = System/Library/Frameworks/Foundation.framework; sourceTree = SDKROOT; };
		B103F3831864A4D000B03CED /* CoreGraphics.framework */ = {isa = PBXFileReference; lastKnownFileType = wrapper.framework; name = CoreGraphics.framework; path = System/Library/Frameworks/CoreGraphics.framework; sourceTree = SDKROOT; };
		B103F3851864A4D000B03CED /* UIKit.framework */ = {isa = PBXFileReference; lastKnownFileType = wrapper.framework; name = UIKit.framework; path = System/Library/Frameworks/UIKit.framework; sourceTree = SDKROOT; };
		B103F3891864A4D000B03CED /* GTScrollNavigationBarExample-Info.plist */ = {isa = PBXFileReference; lastKnownFileType = text.plist.xml; path = "GTScrollNavigationBarExample-Info.plist"; sourceTree = "<group>"; };
		B103F38B1864A4D000B03CED /* en */ = {isa = PBXFileReference; lastKnownFileType = text.plist.strings; name = en; path = en.lproj/InfoPlist.strings; sourceTree = "<group>"; };
		B103F38D1864A4D000B03CED /* main.m */ = {isa = PBXFileReference; lastKnownFileType = sourcecode.c.objc; path = main.m; sourceTree = "<group>"; };
		B103F38F1864A4D000B03CED /* GTScrollNavigationBarExample-Prefix.pch */ = {isa = PBXFileReference; lastKnownFileType = sourcecode.c.h; path = "GTScrollNavigationBarExample-Prefix.pch"; sourceTree = "<group>"; };
		B103F3901864A4D000B03CED /* AppDelegate.h */ = {isa = PBXFileReference; lastKnownFileType = sourcecode.c.h; path = AppDelegate.h; sourceTree = "<group>"; };
		B103F3911864A4D000B03CED /* AppDelegate.m */ = {isa = PBXFileReference; lastKnownFileType = sourcecode.c.objc; path = AppDelegate.m; sourceTree = "<group>"; };
		B103F3931864A4D000B03CED /* Images.xcassets */ = {isa = PBXFileReference; lastKnownFileType = folder.assetcatalog; path = Images.xcassets; sourceTree = "<group>"; };
		B103F39A1864A4D000B03CED /* XCTest.framework */ = {isa = PBXFileReference; lastKnownFileType = wrapper.framework; name = XCTest.framework; path = Library/Frameworks/XCTest.framework; sourceTree = DEVELOPER_DIR; };
		B103F3BA1865208500B03CED /* DemoTableViewController.h */ = {isa = PBXFileReference; fileEncoding = 4; lastKnownFileType = sourcecode.c.h; path = DemoTableViewController.h; sourceTree = "<group>"; };
		B103F3BB1865208500B03CED /* DemoTableViewController.m */ = {isa = PBXFileReference; fileEncoding = 4; lastKnownFileType = sourcecode.c.objc; path = DemoTableViewController.m; sourceTree = "<group>"; };
		B103F3C51865E45200B03CED /* GTScrollNavigationBar.h */ = {isa = PBXFileReference; fileEncoding = 4; lastKnownFileType = sourcecode.c.h; name = GTScrollNavigationBar.h; path = ../GTScrollNavigationBar/GTScrollNavigationBar.h; sourceTree = "<group>"; };
		B103F3C61865E45200B03CED /* GTScrollNavigationBar.m */ = {isa = PBXFileReference; fileEncoding = 4; lastKnownFileType = sourcecode.c.objc; name = GTScrollNavigationBar.m; path = ../GTScrollNavigationBar/GTScrollNavigationBar.m; sourceTree = "<group>"; };
		B13D79C41B6524D800A7273B /* GTScrollNavigationBarTests.xctest */ = {isa = PBXFileReference; explicitFileType = wrapper.cfbundle; includeInIndex = 0; path = GTScrollNavigationBarTests.xctest; sourceTree = BUILT_PRODUCTS_DIR; };
		B13D79C71B6524D800A7273B /* Info.plist */ = {isa = PBXFileReference; lastKnownFileType = text.plist.xml; path = Info.plist; sourceTree = "<group>"; };
		B13D79CF1B65323700A7273B /* GTScrollNavigationBarSpec.m */ = {isa = PBXFileReference; fileEncoding = 4; lastKnownFileType = sourcecode.c.objc; path = GTScrollNavigationBarSpec.m; sourceTree = "<group>"; };
		B1714BA9186860F7006577EF /* DemoWebViewController.h */ = {isa = PBXFileReference; fileEncoding = 4; lastKnownFileType = sourcecode.c.h; path = DemoWebViewController.h; sourceTree = "<group>"; };
		B1714BAA186860F7006577EF /* DemoWebViewController.m */ = {isa = PBXFileReference; fileEncoding = 4; lastKnownFileType = sourcecode.c.objc; path = DemoWebViewController.m; sourceTree = "<group>"; };
		BF390B836BE7EDF3CFFF63FA /* Pods-GTScrollNavigationBarExample.release.xcconfig */ = {isa = PBXFileReference; includeInIndex = 1; lastKnownFileType = text.xcconfig; name = "Pods-GTScrollNavigationBarExample.release.xcconfig"; path = "Pods/Target Support Files/Pods-GTScrollNavigationBarExample/Pods-GTScrollNavigationBarExample.release.xcconfig"; sourceTree = "<group>"; };
		CFE0D86DEC3C1B37FFCD3831 /* Pods-GTScrollNavigationBarTests.release.xcconfig */ = {isa = PBXFileReference; includeInIndex = 1; lastKnownFileType = text.xcconfig; name = "Pods-GTScrollNavigationBarTests.release.xcconfig"; path = "Pods/Target Support Files/Pods-GTScrollNavigationBarTests/Pods-GTScrollNavigationBarTests.release.xcconfig"; sourceTree = "<group>"; };
/* End PBXFileReference section */

/* Begin PBXFrameworksBuildPhase section */
		B103F37B1864A4D000B03CED /* Frameworks */ = {
			isa = PBXFrameworksBuildPhase;
			buildActionMask = 2147483647;
			files = (
				B103F3841864A4D000B03CED /* CoreGraphics.framework in Frameworks */,
				B103F3861864A4D000B03CED /* UIKit.framework in Frameworks */,
				B103F3821864A4D000B03CED /* Foundation.framework in Frameworks */,
				A56F7D6D42DD8CA5F5B3EA3A /* libPods-GTScrollNavigationBarExample.a in Frameworks */,
			);
			runOnlyForDeploymentPostprocessing = 0;
		};
		B13D79C11B6524D800A7273B /* Frameworks */ = {
			isa = PBXFrameworksBuildPhase;
			buildActionMask = 2147483647;
			files = (
				BD665F78D6C5126B7AE2BCC7 /* libPods-GTScrollNavigationBarTests.a in Frameworks */,
			);
			runOnlyForDeploymentPostprocessing = 0;
		};
/* End PBXFrameworksBuildPhase section */

/* Begin PBXGroup section */
		4BFB28F283F4A85BB8BE0F15 /* Pods */ = {
			isa = PBXGroup;
			children = (
				A81ABE8B7F838E34722B4089 /* Pods-GTScrollNavigationBarExample.debug.xcconfig */,
				BF390B836BE7EDF3CFFF63FA /* Pods-GTScrollNavigationBarExample.release.xcconfig */,
				20510C7EC3E5C67EAC492339 /* Pods-GTScrollNavigationBarTests.debug.xcconfig */,
				CFE0D86DEC3C1B37FFCD3831 /* Pods-GTScrollNavigationBarTests.release.xcconfig */,
			);
			name = Pods;
			sourceTree = "<group>";
		};
		B103F3751864A4D000B03CED = {
			isa = PBXGroup;
			children = (
				B103F3B31864ABAD00B03CED /* GTScrollNavigationBar */,
				B103F3871864A4D000B03CED /* GTScrollNavigationBarExample */,
				B13D79C51B6524D800A7273B /* GTScrollNavigationBarTests */,
				B103F3801864A4D000B03CED /* Frameworks */,
				B103F37F1864A4D000B03CED /* Products */,
				4BFB28F283F4A85BB8BE0F15 /* Pods */,
			);
			sourceTree = "<group>";
		};
		B103F37F1864A4D000B03CED /* Products */ = {
			isa = PBXGroup;
			children = (
				B103F37E1864A4D000B03CED /* GTScrollNavigationBarExample.app */,
				B13D79C41B6524D800A7273B /* GTScrollNavigationBarTests.xctest */,
			);
			name = Products;
			sourceTree = "<group>";
		};
		B103F3801864A4D000B03CED /* Frameworks */ = {
			isa = PBXGroup;
			children = (
				B103F3811864A4D000B03CED /* Foundation.framework */,
				B103F3831864A4D000B03CED /* CoreGraphics.framework */,
				B103F3851864A4D000B03CED /* UIKit.framework */,
				B103F39A1864A4D000B03CED /* XCTest.framework */,
				2CD79FE5356F24E027023E8A /* libPods-GTScrollNavigationBarExample.a */,
				248CE2268EFED83AE051851F /* libPods-GTScrollNavigationBarTests.a */,
			);
			name = Frameworks;
			sourceTree = "<group>";
		};
		B103F3871864A4D000B03CED /* GTScrollNavigationBarExample */ = {
			isa = PBXGroup;
			children = (
				B103F3901864A4D000B03CED /* AppDelegate.h */,
				B103F3911864A4D000B03CED /* AppDelegate.m */,
				B103F3BA1865208500B03CED /* DemoTableViewController.h */,
				B103F3BB1865208500B03CED /* DemoTableViewController.m */,
				B1714BA9186860F7006577EF /* DemoWebViewController.h */,
				B1714BAA186860F7006577EF /* DemoWebViewController.m */,
				B103F3931864A4D000B03CED /* Images.xcassets */,
				B103F3881864A4D000B03CED /* Supporting Files */,
			);
			path = GTScrollNavigationBarExample;
			sourceTree = "<group>";
		};
		B103F3881864A4D000B03CED /* Supporting Files */ = {
			isa = PBXGroup;
			children = (
				B103F3891864A4D000B03CED /* GTScrollNavigationBarExample-Info.plist */,
				B103F38A1864A4D000B03CED /* InfoPlist.strings */,
				B103F38D1864A4D000B03CED /* main.m */,
				B103F38F1864A4D000B03CED /* GTScrollNavigationBarExample-Prefix.pch */,
			);
			name = "Supporting Files";
			sourceTree = "<group>";
		};
		B103F3B31864ABAD00B03CED /* GTScrollNavigationBar */ = {
			isa = PBXGroup;
			children = (
				B103F3C51865E45200B03CED /* GTScrollNavigationBar.h */,
				B103F3C61865E45200B03CED /* GTScrollNavigationBar.m */,
			);
			name = GTScrollNavigationBar;
			sourceTree = "<group>";
		};
		B13D79C51B6524D800A7273B /* GTScrollNavigationBarTests */ = {
			isa = PBXGroup;
			children = (
				B13D79CF1B65323700A7273B /* GTScrollNavigationBarSpec.m */,
				B13D79C61B6524D800A7273B /* Supporting Files */,
			);
			path = GTScrollNavigationBarTests;
			sourceTree = "<group>";
		};
		B13D79C61B6524D800A7273B /* Supporting Files */ = {
			isa = PBXGroup;
			children = (
				B13D79C71B6524D800A7273B /* Info.plist */,
			);
			name = "Supporting Files";
			sourceTree = "<group>";
		};
/* End PBXGroup section */

/* Begin PBXNativeTarget section */
		B103F37D1864A4D000B03CED /* GTScrollNavigationBarExample */ = {
			isa = PBXNativeTarget;
			buildConfigurationList = B103F3AA1864A4D000B03CED /* Build configuration list for PBXNativeTarget "GTScrollNavigationBarExample" */;
			buildPhases = (
				CEAC6F0CC1A6048710A5026F /* Check Pods Manifest.lock */,
				B103F37A1864A4D000B03CED /* Sources */,
				B103F37B1864A4D000B03CED /* Frameworks */,
				B103F37C1864A4D000B03CED /* Resources */,
				BC02899B6459AAA7C16B4317 /* Copy Pods Resources */,
			);
			buildRules = (
			);
			dependencies = (
			);
			name = GTScrollNavigationBarExample;
			productName = GTScrollNavigationBarExample;
			productReference = B103F37E1864A4D000B03CED /* GTScrollNavigationBarExample.app */;
			productType = "com.apple.product-type.application";
		};
		B13D79C31B6524D800A7273B /* GTScrollNavigationBarTests */ = {
			isa = PBXNativeTarget;
			buildConfigurationList = B13D79CE1B6524D800A7273B /* Build configuration list for PBXNativeTarget "GTScrollNavigationBarTests" */;
			buildPhases = (
				92FB27F7AA47725063FAC5D2 /* Check Pods Manifest.lock */,
				B13D79C01B6524D800A7273B /* Sources */,
				B13D79C11B6524D800A7273B /* Frameworks */,
				B13D79C21B6524D800A7273B /* Resources */,
				353467A1CB3F93E449E0B802 /* Copy Pods Resources */,
			);
			buildRules = (
			);
			dependencies = (
				B13D79CB1B6524D800A7273B /* PBXTargetDependency */,
			);
			name = GTScrollNavigationBarTests;
			productName = GTScrollNavigationBarTests;
			productReference = B13D79C41B6524D800A7273B /* GTScrollNavigationBarTests.xctest */;
			productType = "com.apple.product-type.bundle.unit-test";
		};
/* End PBXNativeTarget section */

/* Begin PBXProject section */
		B103F3761864A4D000B03CED /* Project object */ = {
			isa = PBXProject;
			attributes = {
				CLASSPREFIX = GT;
				LastUpgradeCheck = 0510;
				ORGANIZATIONNAME = "Luu Gia Thuy";
				TargetAttributes = {
					B13D79C31B6524D800A7273B = {
						CreatedOnToolsVersion = 6.4;
						TestTargetID = B103F37D1864A4D000B03CED;
					};
				};
			};
			buildConfigurationList = B103F3791864A4D000B03CED /* Build configuration list for PBXProject "GTScrollNavigationBarExample" */;
			compatibilityVersion = "Xcode 3.2";
			developmentRegion = English;
			hasScannedForEncodings = 0;
			knownRegions = (
				en,
			);
			mainGroup = B103F3751864A4D000B03CED;
			productRefGroup = B103F37F1864A4D000B03CED /* Products */;
			projectDirPath = "";
			projectRoot = "";
			targets = (
				B103F37D1864A4D000B03CED /* GTScrollNavigationBarExample */,
				B13D79C31B6524D800A7273B /* GTScrollNavigationBarTests */,
			);
		};
/* End PBXProject section */

/* Begin PBXResourcesBuildPhase section */
		B103F37C1864A4D000B03CED /* Resources */ = {
			isa = PBXResourcesBuildPhase;
			buildActionMask = 2147483647;
			files = (
				B103F38C1864A4D000B03CED /* InfoPlist.strings in Resources */,
				B103F3941864A4D000B03CED /* Images.xcassets in Resources */,
			);
			runOnlyForDeploymentPostprocessing = 0;
		};
		B13D79C21B6524D800A7273B /* Resources */ = {
			isa = PBXResourcesBuildPhase;
			buildActionMask = 2147483647;
			files = (
			);
			runOnlyForDeploymentPostprocessing = 0;
		};
/* End PBXResourcesBuildPhase section */

/* Begin PBXShellScriptBuildPhase section */
		353467A1CB3F93E449E0B802 /* Copy Pods Resources */ = {
			isa = PBXShellScriptBuildPhase;
			buildActionMask = 2147483647;
			files = (
			);
			inputPaths = (
			);
			name = "Copy Pods Resources";
			outputPaths = (
			);
			runOnlyForDeploymentPostprocessing = 0;
			shellPath = /bin/sh;
			shellScript = "\"${SRCROOT}/Pods/Target Support Files/Pods-GTScrollNavigationBarTests/Pods-GTScrollNavigationBarTests-resources.sh\"\n";
			showEnvVarsInLog = 0;
		};
		92FB27F7AA47725063FAC5D2 /* Check Pods Manifest.lock */ = {
			isa = PBXShellScriptBuildPhase;
			buildActionMask = 2147483647;
			files = (
			);
			inputPaths = (
			);
			name = "Check Pods Manifest.lock";
			outputPaths = (
			);
			runOnlyForDeploymentPostprocessing = 0;
			shellPath = /bin/sh;
			shellScript = "diff \"${PODS_ROOT}/../Podfile.lock\" \"${PODS_ROOT}/Manifest.lock\" > /dev/null\nif [[ $? != 0 ]] ; then\n    cat << EOM\nerror: The sandbox is not in sync with the Podfile.lock. Run 'pod install' or update your CocoaPods installation.\nEOM\n    exit 1\nfi\n";
			showEnvVarsInLog = 0;
		};
		BC02899B6459AAA7C16B4317 /* Copy Pods Resources */ = {
			isa = PBXShellScriptBuildPhase;
			buildActionMask = 2147483647;
			files = (
			);
			inputPaths = (
			);
			name = "Copy Pods Resources";
			outputPaths = (
			);
			runOnlyForDeploymentPostprocessing = 0;
			shellPath = /bin/sh;
			shellScript = "\"${SRCROOT}/Pods/Target Support Files/Pods-GTScrollNavigationBarExample/Pods-GTScrollNavigationBarExample-resources.sh\"\n";
			showEnvVarsInLog = 0;
		};
		CEAC6F0CC1A6048710A5026F /* Check Pods Manifest.lock */ = {
			isa = PBXShellScriptBuildPhase;
			buildActionMask = 2147483647;
			files = (
			);
			inputPaths = (
			);
			name = "Check Pods Manifest.lock";
			outputPaths = (
			);
			runOnlyForDeploymentPostprocessing = 0;
			shellPath = /bin/sh;
			shellScript = "diff \"${PODS_ROOT}/../Podfile.lock\" \"${PODS_ROOT}/Manifest.lock\" > /dev/null\nif [[ $? != 0 ]] ; then\n    cat << EOM\nerror: The sandbox is not in sync with the Podfile.lock. Run 'pod install' or update your CocoaPods installation.\nEOM\n    exit 1\nfi\n";
			showEnvVarsInLog = 0;
		};
/* End PBXShellScriptBuildPhase section */

/* Begin PBXSourcesBuildPhase section */
		B103F37A1864A4D000B03CED /* Sources */ = {
			isa = PBXSourcesBuildPhase;
			buildActionMask = 2147483647;
			files = (
				B103F3BC1865208500B03CED /* DemoTableViewController.m in Sources */,
				B103F38E1864A4D000B03CED /* main.m in Sources */,
				B1714BAB186860F7006577EF /* DemoWebViewController.m in Sources */,
				B103F3921864A4D000B03CED /* AppDelegate.m in Sources */,
			);
			runOnlyForDeploymentPostprocessing = 0;
		};
		B13D79C01B6524D800A7273B /* Sources */ = {
			isa = PBXSourcesBuildPhase;
			buildActionMask = 2147483647;
			files = (
				B13D79D01B65323700A7273B /* GTScrollNavigationBarSpec.m in Sources */,
			);
			runOnlyForDeploymentPostprocessing = 0;
		};
/* End PBXSourcesBuildPhase section */

/* Begin PBXTargetDependency section */
		B13D79CB1B6524D800A7273B /* PBXTargetDependency */ = {
			isa = PBXTargetDependency;
			target = B103F37D1864A4D000B03CED /* GTScrollNavigationBarExample */;
			targetProxy = B13D79CA1B6524D800A7273B /* PBXContainerItemProxy */;
		};
/* End PBXTargetDependency section */

/* Begin PBXVariantGroup section */
		B103F38A1864A4D000B03CED /* InfoPlist.strings */ = {
			isa = PBXVariantGroup;
			children = (
				B103F38B1864A4D000B03CED /* en */,
			);
			name = InfoPlist.strings;
			sourceTree = "<group>";
		};
/* End PBXVariantGroup section */

/* Begin XCBuildConfiguration section */
		B103F3A81864A4D000B03CED /* Debug */ = {
			isa = XCBuildConfiguration;
			buildSettings = {
				ALWAYS_SEARCH_USER_PATHS = NO;
				CLANG_CXX_LANGUAGE_STANDARD = "gnu++0x";
				CLANG_CXX_LIBRARY = "libc++";
				CLANG_ENABLE_MODULES = YES;
				CLANG_ENABLE_OBJC_ARC = YES;
				CLANG_WARN_BOOL_CONVERSION = YES;
				CLANG_WARN_CONSTANT_CONVERSION = YES;
				CLANG_WARN_DIRECT_OBJC_ISA_USAGE = YES_ERROR;
				CLANG_WARN_EMPTY_BODY = YES;
				CLANG_WARN_ENUM_CONVERSION = YES;
				CLANG_WARN_INT_CONVERSION = YES;
				CLANG_WARN_OBJC_ROOT_CLASS = YES_ERROR;
				CLANG_WARN__DUPLICATE_METHOD_MATCH = YES;
				CODE_SIGN_IDENTITY = "iPhone Developer: Gia Thuy Luu (K95WVA6K85)";
				"CODE_SIGN_IDENTITY[sdk=iphoneos*]" = "iPhone Developer";
				COPY_PHASE_STRIP = NO;
				GCC_C_LANGUAGE_STANDARD = gnu99;
				GCC_DYNAMIC_NO_PIC = NO;
				GCC_OPTIMIZATION_LEVEL = 0;
				GCC_PREPROCESSOR_DEFINITIONS = (
					"DEBUG=1",
					"$(inherited)",
				);
				GCC_SYMBOLS_PRIVATE_EXTERN = NO;
				GCC_WARN_64_TO_32_BIT_CONVERSION = YES;
				GCC_WARN_ABOUT_RETURN_TYPE = YES_ERROR;
				GCC_WARN_UNDECLARED_SELECTOR = YES;
				GCC_WARN_UNINITIALIZED_AUTOS = YES;
				GCC_WARN_UNUSED_FUNCTION = YES;
				GCC_WARN_UNUSED_VARIABLE = YES;
				IPHONEOS_DEPLOYMENT_TARGET = 6.1;
				ONLY_ACTIVE_ARCH = YES;
				SDKROOT = iphoneos;
			};
			name = Debug;
		};
		B103F3A91864A4D000B03CED /* Release */ = {
			isa = XCBuildConfiguration;
			buildSettings = {
				ALWAYS_SEARCH_USER_PATHS = NO;
				CLANG_CXX_LANGUAGE_STANDARD = "gnu++0x";
				CLANG_CXX_LIBRARY = "libc++";
				CLANG_ENABLE_MODULES = YES;
				CLANG_ENABLE_OBJC_ARC = YES;
				CLANG_WARN_BOOL_CONVERSION = YES;
				CLANG_WARN_CONSTANT_CONVERSION = YES;
				CLANG_WARN_DIRECT_OBJC_ISA_USAGE = YES_ERROR;
				CLANG_WARN_EMPTY_BODY = YES;
				CLANG_WARN_ENUM_CONVERSION = YES;
				CLANG_WARN_INT_CONVERSION = YES;
				CLANG_WARN_OBJC_ROOT_CLASS = YES_ERROR;
				CLANG_WARN__DUPLICATE_METHOD_MATCH = YES;
				CODE_SIGN_IDENTITY = "iPhone Developer: Gia Thuy Luu (K95WVA6K85)";
				"CODE_SIGN_IDENTITY[sdk=iphoneos*]" = "iPhone Developer";
				COPY_PHASE_STRIP = YES;
				ENABLE_NS_ASSERTIONS = NO;
				GCC_C_LANGUAGE_STANDARD = gnu99;
				GCC_WARN_64_TO_32_BIT_CONVERSION = YES;
				GCC_WARN_ABOUT_RETURN_TYPE = YES_ERROR;
				GCC_WARN_UNDECLARED_SELECTOR = YES;
				GCC_WARN_UNINITIALIZED_AUTOS = YES;
				GCC_WARN_UNUSED_FUNCTION = YES;
				GCC_WARN_UNUSED_VARIABLE = YES;
				IPHONEOS_DEPLOYMENT_TARGET = 6.1;
				SDKROOT = iphoneos;
				VALIDATE_PRODUCT = YES;
			};
			name = Release;
		};
		B103F3AB1864A4D000B03CED /* Debug */ = {
			isa = XCBuildConfiguration;
			baseConfigurationReference = A81ABE8B7F838E34722B4089 /* Pods-GTScrollNavigationBarExample.debug.xcconfig */;
			buildSettings = {
				ASSETCATALOG_COMPILER_APPICON_NAME = AppIcon;
				ASSETCATALOG_COMPILER_LAUNCHIMAGE_NAME = LaunchImage;
				GCC_PRECOMPILE_PREFIX_HEADER = YES;
				GCC_PREFIX_HEADER = "GTScrollNavigationBarExample/GTScrollNavigationBarExample-Prefix.pch";
				INFOPLIST_FILE = "GTScrollNavigationBarExample/GTScrollNavigationBarExample-Info.plist";
				IPHONEOS_DEPLOYMENT_TARGET = 7.0;
				PRODUCT_NAME = "$(TARGET_NAME)";
				TARGETED_DEVICE_FAMILY = "1,2";
				WRAPPER_EXTENSION = app;
			};
			name = Debug;
		};
		B103F3AC1864A4D000B03CED /* Release */ = {
			isa = XCBuildConfiguration;
			baseConfigurationReference = BF390B836BE7EDF3CFFF63FA /* Pods-GTScrollNavigationBarExample.release.xcconfig */;
			buildSettings = {
				ASSETCATALOG_COMPILER_APPICON_NAME = AppIcon;
				ASSETCATALOG_COMPILER_LAUNCHIMAGE_NAME = LaunchImage;
				GCC_PRECOMPILE_PREFIX_HEADER = YES;
				GCC_PREFIX_HEADER = "GTScrollNavigationBarExample/GTScrollNavigationBarExample-Prefix.pch";
				INFOPLIST_FILE = "GTScrollNavigationBarExample/GTScrollNavigationBarExample-Info.plist";
				IPHONEOS_DEPLOYMENT_TARGET = 7.0;
				PRODUCT_NAME = "$(TARGET_NAME)";
				TARGETED_DEVICE_FAMILY = "1,2";
				WRAPPER_EXTENSION = app;
			};
			name = Release;
		};
		B13D79CC1B6524D800A7273B /* Debug */ = {
			isa = XCBuildConfiguration;
			baseConfigurationReference = 20510C7EC3E5C67EAC492339 /* Pods-GTScrollNavigationBarTests.debug.xcconfig */;
			buildSettings = {
				BUNDLE_LOADER = "$(TEST_HOST)";
				CLANG_WARN_UNREACHABLE_CODE = YES;
				DEBUG_INFORMATION_FORMAT = "dwarf-with-dsym";
				ENABLE_STRICT_OBJC_MSGSEND = YES;
				FRAMEWORK_SEARCH_PATHS = (
					"$(SDKROOT)/Developer/Library/Frameworks",
					"$(inherited)",
				);
				GCC_NO_COMMON_BLOCKS = YES;
				GCC_PREPROCESSOR_DEFINITIONS = (
					"DEBUG=1",
					"$(inherited)",
				);
				GCC_WARN_UNINITIALIZED_AUTOS = YES_AGGRESSIVE;
				INFOPLIST_FILE = GTScrollNavigationBarTests/Info.plist;
				IPHONEOS_DEPLOYMENT_TARGET = 8.4;
				LD_RUNPATH_SEARCH_PATHS = "$(inherited) @executable_path/Frameworks @loader_path/Frameworks";
				MTL_ENABLE_DEBUG_INFO = YES;
				PRODUCT_NAME = "$(TARGET_NAME)";
				TEST_HOST = "$(BUILT_PRODUCTS_DIR)/GTScrollNavigationBarExample.app/GTScrollNavigationBarExample";
			};
			name = Debug;
		};
		B13D79CD1B6524D800A7273B /* Release */ = {
			isa = XCBuildConfiguration;
			baseConfigurationReference = CFE0D86DEC3C1B37FFCD3831 /* Pods-GTScrollNavigationBarTests.release.xcconfig */;
			buildSettings = {
				BUNDLE_LOADER = "$(TEST_HOST)";
				CLANG_WARN_UNREACHABLE_CODE = YES;
				COPY_PHASE_STRIP = NO;
				DEBUG_INFORMATION_FORMAT = "dwarf-with-dsym";
				ENABLE_STRICT_OBJC_MSGSEND = YES;
				FRAMEWORK_SEARCH_PATHS = (
					"$(SDKROOT)/Developer/Library/Frameworks",
					"$(inherited)",
				);
				GCC_NO_COMMON_BLOCKS = YES;
				GCC_WARN_UNINITIALIZED_AUTOS = YES_AGGRESSIVE;
				INFOPLIST_FILE = GTScrollNavigationBarTests/Info.plist;
				IPHONEOS_DEPLOYMENT_TARGET = 8.4;
				LD_RUNPATH_SEARCH_PATHS = "$(inherited) @executable_path/Frameworks @loader_path/Frameworks";
				MTL_ENABLE_DEBUG_INFO = NO;
				PRODUCT_NAME = "$(TARGET_NAME)";
				TEST_HOST = "$(BUILT_PRODUCTS_DIR)/GTScrollNavigationBarExample.app/GTScrollNavigationBarExample";
			};
			name = Release;
		};
/* End XCBuildConfiguration section */

/* Begin XCConfigurationList section */
		B103F3791864A4D000B03CED /* Build configuration list for PBXProject "GTScrollNavigationBarExample" */ = {
			isa = XCConfigurationList;
			buildConfigurations = (
				B103F3A81864A4D000B03CED /* Debug */,
				B103F3A91864A4D000B03CED /* Release */,
			);
			defaultConfigurationIsVisible = 0;
			defaultConfigurationName = Release;
		};
		B103F3AA1864A4D000B03CED /* Build configuration list for PBXNativeTarget "GTScrollNavigationBarExample" */ = {
			isa = XCConfigurationList;
			buildConfigurations = (
				B103F3AB1864A4D000B03CED /* Debug */,
				B103F3AC1864A4D000B03CED /* Release */,
			);
			defaultConfigurationIsVisible = 0;
			defaultConfigurationName = Release;
		};
		B13D79CE1B6524D800A7273B /* Build configuration list for PBXNativeTarget "GTScrollNavigationBarTests" */ = {
			isa = XCConfigurationList;
			buildConfigurations = (
				B13D79CC1B6524D800A7273B /* Debug */,
				B13D79CD1B6524D800A7273B /* Release */,
			);
			defaultConfigurationIsVisible = 0;
			defaultConfigurationName = Release;
		};
/* End XCConfigurationList section */
	};
	rootObject = B103F3761864A4D000B03CED /* Project object */;
}
