PODS:
  - Expecta (1.0.2)
  - GTScrollNavigationBar (0.1.3)
  - KIF (3.2.3):
    - KIF/XCTest (= 3.2.3)
  - KIF/XCTest (3.2.3)
  - Specta (1.0.3)

DEPENDENCIES:
  - Expecta (~> 1.0.2)
  - GTScrollNavigationBar (from `../GTScrollNavigationBar.podspec`)
  - KIF (~> 3.0)
  - Specta (~> 1.0.3)

EXTERNAL SOURCES:
  GTScrollNavigationBar:
    :path: "../GTScrollNavigationBar.podspec"

SPEC CHECKSUMS:
  Expecta: 54e8a3530add08f4f0208c111355eda7cde74a53
  GTScrollNavigationBar: 2fee3124c458393eca1d6d68ebf759051280f475
  KIF: a94bffe9c97e449e44f8fa481c53243d21309e1e
  Specta: cf3e4188cf35375c3ee2cd03f8db8f1f4ef98234

COCOAPODS: 0.38.2
